
Microsoft Visual Studio Solution File, Format Version 12.00
# Visual Studio Version 16
VisualStudioVersion = 16.0.29102.190
MinimumVisualStudioVersion = 10.0.40219.1
Project("{FAE04EC0-301F-11D3-BF4B-00C04F79EFBC}") = "MsEdgeLauncher", "MsEdgeLauncher.csproj", "{AF45F7F7-AC7B-4810-8C4B-00F80F488AEB}"
EndProject
Global
	GlobalSection(SolutionConfigurationPlatforms) = preSolution
		Debug|Any CPU = Debug|Any CPU
		Release|Any CPU = Release|Any CPU
	EndGlobalSection
	GlobalSection(ProjectConfigurationPlatforms) = postSolution
		{AF45F7F7-AC7B-4810-8C4B-00F80F488AEB}.Debug|Any CPU.ActiveCfg = Debug|Any CPU
		{AF45F7F7-AC7B-4810-8C4B-00F80F488AEB}.Debug|Any CPU.Build.0 = Debug|Any CPU
		{AF45F7F7-AC7B-4810-8C4B-00F80F488AEB}.Release|Any CPU.ActiveCfg = Release|Any CPU
		{AF45F7F7-AC7B-4810-8C4B-00F80F488AEB}.Release|Any CPU.Build.0 = Release|Any CPU
	EndGlobalSection
	GlobalSection(SolutionProperties) = preSolution
		HideSolutionNode = FALSE
	EndGlobalSection
	GlobalSection(ExtensibilityGlobals) = postSolution
		SolutionGuid = {F0747B21-6A2C-416D-BABF-92A4F478985A}
	EndGlobalSection
EndGlobal
